dependencies:
  espressif/esp-dsp:
    component_hash: 3e7bbd487f1357a1d4944d0c85966d049501ea281b8a4c7f93f7cfedd5b7f23d
    source:
      service_url: https://api.components.espressif.com/
      type: service
    version: 1.4.12
  idf:
    component_hash: null
    source:
      type: idf
    version: 5.2.0
manifest_hash: 48385a72b4f5bac94b8b25e2c03e5b9db10c46626973930b9018348e863e0266
target: esp32
version: 1.0.0
